{
  "dependencies": {
    "node_modules/csv-parser": {
      "version": "3.2.0",
      "resolved": "https://registry.npmjs.org/csv-parser/-/csv-parser-3.2.0.tgz",
      "integrity": "sha512-GzWfoEn8GagW1L8BgbC1iJMxSc1rAxbad5jzjMVSSu3rh9bixb9OEj3v1QGKuZ91QgydqfCGCt5X6Jq9QVi1WQ==",
      "dependencies": {
        "minimist": "^1.2.5"
      }
    },
    "node_modules/file-type": {
      "version": "18.7.0",
      "resolved": "https://registry.npmjs.org/file-type/-/file-type-18.7.0.tgz",
      "integrity": "sha512-y1GhPLQKZ1gBRd0tOsdAuTsai/1T/K90ENfQizwakfmPotTZXEx9VI54cQ+9Ymemjq+UBncl3Ku0UaG0qY9AnQ==",
      "dependencies": {
        "readable-web-to-node-stream": "^3.0.2",
        "strtok3": "^7.0.0",
        "token-types": "^5.0.1"
      }
    },
    "node_modules/rxjs": {
      "version": "7.8.1",
      "resolved": "https://registry.npmjs.org/rxjs/-/rxjs-7.8.1.tgz",
      "integrity": "sha512-4gkPU6ukH3kKwH90FyG7RjToXT0miCC62Ouadi7LbCkA2b9Sq8F9Qq5luPEXK0v1lKPH9Z5x6+wSqhAShCB1pA==",
      "dependencies": {
        "tslib": "^2.1.0"
      }
    },
    "node_modules/sharp": {
      "version": "0.33.4",
      "resolved": "https://registry.npmjs.org/sharp/-/sharp-0.33.4.tgz",
      "integrity": "sha512-QfB+2nhTUA9D1KiIOS+fVRndUcjQ3XgRPKzriT7S28FX1gGb3tZU8ngURdOHmCfa08G+25xzFZzId7g/DNxS+w==",
      "hasInstallScript": true,
      "dependencies": {
        "color": "^4.2.3",
        "detect-libc": "^2.0.2",
        "node-addon-api": "^8.0.0",
        "prebuild-install": "^7.1.2",
        "semver": "^7.5.4"
      }
    }
  }
}
